
Microsoft Visual Studio Solution File, Format Version 12.00
# Visual Studio Version 16
VisualStudioVersion = 16.0.31702.278
MinimumVisualStudioVersion = 10.0.40219.1
Project("{9A19103F-16F7-4668-BE54-9A1E7A4F7556}") = "D6PA5M_HFT_2021221.Models", "D6PA5M_HFT_2021221.Models\D6PA5M_HFT_2021221.Models.csproj", "{EFBD9108-D9F9-47EF-9CD2-C400C0C9743B}"
EndProject
Project("{9A19103F-16F7-4668-BE54-9A1E7A4F7556}") = "D6PA5M_HFT_2021221.Data", "D6PA5M_HFT_2021221.Data\D6PA5M_HFT_2021221.Data.csproj", "{DD600890-37B3-4403-9320-5EFFE48748BA}"
EndProject
Project("{9A19103F-16F7-4668-BE54-9A1E7A4F7556}") = "D6PA5M_HFT_2021221.Logic", "D6PA5M_HFT_2021221.Logic\D6PA5M_HFT_2021221.Logic.csproj", "{F2FE2728-CC90-4772-A820-DA9B201685E3}"
EndProject
Project("{9A19103F-16F7-4668-BE54-9A1E7A4F7556}") = "D6PA5M_HFT_2021221.Repository", "D6PA5M_HFT_2021221.Repository\D6PA5M_HFT_2021221.Repository.csproj", "{6E714772-1B72-423B-930D-06487F3795C7}"
EndProject
Project("{9A19103F-16F7-4668-BE54-9A1E7A4F7556}") = "D6PA5M_HFT_2021221.Test", "D6PA5M_HFT_2021221.Test\D6PA5M_HFT_2021221.Test.csproj", "{3950A747-99F8-4ECF-84F9-23712F978985}"
EndProject
Project("{9A19103F-16F7-4668-BE54-9A1E7A4F7556}") = "D6PA5M_HFT_2021221.Endpoint", "D6PA5M_HFT_2021221.Endpoint\D6PA5M_HFT_2021221.Endpoint.csproj", "{168DE023-A559-42F4-8E29-C4FD30CE5E50}"
EndProject
Project("{9A19103F-16F7-4668-BE54-9A1E7A4F7556}") = "D6PA5M_HFT_2021221.Client", "D6PA5M_HFT_2021221.Client\D6PA5M_HFT_2021221.Client.csproj", "{8EC3C64A-F98A-4274-A692-61B894E5E4A4}"
EndProject
Project("{2150E333-8FDC-42A3-9474-1A3956D46DE8}") = "Backend", "Backend", "{C8EF1C73-4EC2-498A-9CB1-AA78F50D3766}"
EndProject
Project("{2150E333-8FDC-42A3-9474-1A3956D46DE8}") = "Frontend", "Frontend", "{A0E446F0-ABBF-4F0B-8602-6AF0342D2F2E}"
EndProject
Project("{2150E333-8FDC-42A3-9474-1A3956D46DE8}") = "Shared", "Shared", "{28973EF4-58A6-4C2B-B237-D42862FBF9FC}"
EndProject
Project("{2150E333-8FDC-42A3-9474-1A3956D46DE8}") = "Others", "Others", "{28B591EE-09A9-46FB-A722-CBB73FD52F15}"
	ProjectSection(SolutionItems) = preProject
		.gitignore = .gitignore
	EndProjectSection
EndProject
Project("{9A19103F-16F7-4668-BE54-9A1E7A4F7556}") = "D6PA5M_HFT_2021221.WpfClient", "D6PA5M_HFT_2021221.WpfClient\D6PA5M_HFT_2021221.WpfClient.csproj", "{59655D81-14E9-4E52-B441-73425CA673BF}"
EndProject
Project("{FAE04EC0-301F-11D3-BF4B-00C04F79EFBC}") = "D6PA5M_HFT_2021221.JSClient", "D6PA5M_HFT_2021221.JSClient\D6PA5M_HFT_2021221.JSClient.csproj", "{654524EC-6B1E-4F10-BBAB-1BF5BF99422C}"
EndProject
Global
	GlobalSection(SolutionConfigurationPlatforms) = preSolution
		Debug|Any CPU = Debug|Any CPU
		Release|Any CPU = Release|Any CPU
	EndGlobalSection
	GlobalSection(ProjectConfigurationPlatforms) = postSolution
		{EFBD9108-D9F9-47EF-9CD2-C400C0C9743B}.Debug|Any CPU.ActiveCfg = Debug|Any CPU
		{EFBD9108-D9F9-47EF-9CD2-C400C0C9743B}.Debug|Any CPU.Build.0 = Debug|Any CPU
		{EFBD9108-D9F9-47EF-9CD2-C400C0C9743B}.Release|Any CPU.ActiveCfg = Release|Any CPU
		{EFBD9108-D9F9-47EF-9CD2-C400C0C9743B}.Release|Any CPU.Build.0 = Release|Any CPU
		{DD600890-37B3-4403-9320-5EFFE48748BA}.Debug|Any CPU.ActiveCfg = Debug|Any CPU
		{DD600890-37B3-4403-9320-5EFFE48748BA}.Debug|Any CPU.Build.0 = Debug|Any CPU
		{DD600890-37B3-4403-9320-5EFFE48748BA}.Release|Any CPU.ActiveCfg = Release|Any CPU
		{DD600890-37B3-4403-9320-5EFFE48748BA}.Release|Any CPU.Build.0 = Release|Any CPU
		{F2FE2728-CC90-4772-A820-DA9B201685E3}.Debug|Any CPU.ActiveCfg = Debug|Any CPU
		{F2FE2728-CC90-4772-A820-DA9B201685E3}.Debug|Any CPU.Build.0 = Debug|Any CPU
		{F2FE2728-CC90-4772-A820-DA9B201685E3}.Release|Any CPU.ActiveCfg = Release|Any CPU
		{F2FE2728-CC90-4772-A820-DA9B201685E3}.Release|Any CPU.Build.0 = Release|Any CPU
		{6E714772-1B72-423B-930D-06487F3795C7}.Debug|Any CPU.ActiveCfg = Debug|Any CPU
		{6E714772-1B72-423B-930D-06487F3795C7}.Debug|Any CPU.Build.0 = Debug|Any CPU
		{6E714772-1B72-423B-930D-06487F3795C7}.Release|Any CPU.ActiveCfg = Release|Any CPU
		{6E714772-1B72-423B-930D-06487F3795C7}.Release|Any CPU.Build.0 = Release|Any CPU
		{3950A747-99F8-4ECF-84F9-23712F978985}.Debug|Any CPU.ActiveCfg = Debug|Any CPU
		{3950A747-99F8-4ECF-84F9-23712F978985}.Debug|Any CPU.Build.0 = Debug|Any CPU
		{3950A747-99F8-4ECF-84F9-23712F978985}.Release|Any CPU.ActiveCfg = Release|Any CPU
		{3950A747-99F8-4ECF-84F9-23712F978985}.Release|Any CPU.Build.0 = Release|Any CPU
		{168DE023-A559-42F4-8E29-C4FD30CE5E50}.Debug|Any CPU.ActiveCfg = Debug|Any CPU
		{168DE023-A559-42F4-8E29-C4FD30CE5E50}.Debug|Any CPU.Build.0 = Debug|Any CPU
		{168DE023-A559-42F4-8E29-C4FD30CE5E50}.Release|Any CPU.ActiveCfg = Release|Any CPU
		{168DE023-A559-42F4-8E29-C4FD30CE5E50}.Release|Any CPU.Build.0 = Release|Any CPU
		{8EC3C64A-F98A-4274-A692-61B894E5E4A4}.Debug|Any CPU.ActiveCfg = Debug|Any CPU
		{8EC3C64A-F98A-4274-A692-61B894E5E4A4}.Debug|Any CPU.Build.0 = Debug|Any CPU
		{8EC3C64A-F98A-4274-A692-61B894E5E4A4}.Release|Any CPU.ActiveCfg = Release|Any CPU
		{8EC3C64A-F98A-4274-A692-61B894E5E4A4}.Release|Any CPU.Build.0 = Release|Any CPU
		{59655D81-14E9-4E52-B441-73425CA673BF}.Debug|Any CPU.ActiveCfg = Debug|Any CPU
		{59655D81-14E9-4E52-B441-73425CA673BF}.Debug|Any CPU.Build.0 = Debug|Any CPU
		{59655D81-14E9-4E52-B441-73425CA673BF}.Release|Any CPU.ActiveCfg = Release|Any CPU
		{59655D81-14E9-4E52-B441-73425CA673BF}.Release|Any CPU.Build.0 = Release|Any CPU
		{654524EC-6B1E-4F10-BBAB-1BF5BF99422C}.Debug|Any CPU.ActiveCfg = Debug|Any CPU
		{654524EC-6B1E-4F10-BBAB-1BF5BF99422C}.Debug|Any CPU.Build.0 = Debug|Any CPU
		{654524EC-6B1E-4F10-BBAB-1BF5BF99422C}.Release|Any CPU.ActiveCfg = Release|Any CPU
		{654524EC-6B1E-4F10-BBAB-1BF5BF99422C}.Release|Any CPU.Build.0 = Release|Any CPU
	EndGlobalSection
	GlobalSection(SolutionProperties) = preSolution
		HideSolutionNode = FALSE
	EndGlobalSection
	GlobalSection(NestedProjects) = preSolution
		{EFBD9108-D9F9-47EF-9CD2-C400C0C9743B} = {28973EF4-58A6-4C2B-B237-D42862FBF9FC}
		{DD600890-37B3-4403-9320-5EFFE48748BA} = {C8EF1C73-4EC2-498A-9CB1-AA78F50D3766}
		{F2FE2728-CC90-4772-A820-DA9B201685E3} = {C8EF1C73-4EC2-498A-9CB1-AA78F50D3766}
		{6E714772-1B72-423B-930D-06487F3795C7} = {C8EF1C73-4EC2-498A-9CB1-AA78F50D3766}
		{3950A747-99F8-4ECF-84F9-23712F978985} = {C8EF1C73-4EC2-498A-9CB1-AA78F50D3766}
		{168DE023-A559-42F4-8E29-C4FD30CE5E50} = {C8EF1C73-4EC2-498A-9CB1-AA78F50D3766}
		{8EC3C64A-F98A-4274-A692-61B894E5E4A4} = {A0E446F0-ABBF-4F0B-8602-6AF0342D2F2E}
		{59655D81-14E9-4E52-B441-73425CA673BF} = {A0E446F0-ABBF-4F0B-8602-6AF0342D2F2E}
		{654524EC-6B1E-4F10-BBAB-1BF5BF99422C} = {C8EF1C73-4EC2-498A-9CB1-AA78F50D3766}
	EndGlobalSection
	GlobalSection(ExtensibilityGlobals) = postSolution
		SolutionGuid = {99D18DB2-4B18-41B8-AA7E-5250FA9829A8}
	EndGlobalSection
EndGlobal
